
Microsoft Visual Studio Solution File, Format Version 12.00
# Visual Studio Version 17
VisualStudioVersion = 17.0.32014.148
MinimumVisualStudioVersion = 10.0.40219.1
Project("{2150E333-8FDC-42A3-9474-1A3956D46DE8}") = "src", "src", "{EE32E278-A887-454E-987D-FFE9E37169FE}"
	ProjectSection(SolutionItems) = preProject
		src\Directory.Build.props = src\Directory.Build.props
	EndProjectSection
EndProject
Project("{9A19103F-16F7-4668-BE54-9A1E7A4F7556}") = "Blazor.Diagrams.Core", "src\Blazor.Diagrams.Core\Blazor.Diagrams.Core.csproj", "{1A70B637-9EF8-4C25-970E-A681DEC9061C}"
EndProject
Project("{2150E333-8FDC-42A3-9474-1A3956D46DE8}") = "samples", "samples", "{DA819127-3EF6-4EB9-A2DA-BC056B284A50}"
	ProjectSection(SolutionItems) = preProject
		samples\Directory.Build.props = samples\Directory.Build.props
	EndProjectSection
EndProject
Project("{9A19103F-16F7-4668-BE54-9A1E7A4F7556}") = "Wasm", "samples\Wasm\Wasm.csproj", "{A43942BD-FDA0-4E3D-8115-BBE9D0D75DE3}"
EndProject
Project("{9A19103F-16F7-4668-BE54-9A1E7A4F7556}") = "Blazor.Diagrams", "src\Blazor.Diagrams\Blazor.Diagrams.csproj", "{A1A4F8A5-7C97-41A8-9ADD-54E9D1725B56}"
EndProject
Project("{9A19103F-16F7-4668-BE54-9A1E7A4F7556}") = "SharedDemo", "samples\SharedDemo\SharedDemo.csproj", "{1CBCC8E6-111C-4364-9882-50881E4CC8B4}"
EndProject
Project("{9A19103F-16F7-4668-BE54-9A1E7A4F7556}") = "ServerSide", "samples\ServerSide\ServerSide.csproj", "{B9EE910B-8FE7-490C-B20C-CEC27A2890D6}"
EndProject
Project("{9A19103F-16F7-4668-BE54-9A1E7A4F7556}") = "Blazor.Diagrams.Algorithms", "src\Blazor.Diagrams.Algorithms\Blazor.Diagrams.Algorithms.csproj", "{CB3A42B6-3C87-4ECB-B60C-D98275AB1FB6}"
EndProject
Project("{2150E333-8FDC-42A3-9474-1A3956D46DE8}") = "Solution Items", "Solution Items", "{260DF53D-FF2B-4D1D-ACA7-431F6B62EE38}"
	ProjectSection(SolutionItems) = preProject
		.github\workflows\build.yml = .github\workflows\build.yml
		CHANGELOG.md = CHANGELOG.md
		Directory.Packages.props = Directory.Packages.props
		.github\workflows\main.yml = .github\workflows\main.yml
		.github\workflows\push.yml = .github\workflows\push.yml
		README.md = README.md
	EndProjectSection
EndProject
Project("{2150E333-8FDC-42A3-9474-1A3956D46DE8}") = "tests", "tests", "{CEEAE4C2-CE68-4FC3-9E0F-D4781B91F7F4}"
	ProjectSection(SolutionItems) = preProject
		tests\Directory.Build.props = tests\Directory.Build.props
	EndProjectSection
EndProject
Project("{9A19103F-16F7-4668-BE54-9A1E7A4F7556}") = "Blazor.Diagrams.Core.Tests", "tests\Blazor.Diagrams.Core.Tests\Blazor.Diagrams.Core.Tests.csproj", "{36B4DCCD-45AB-4338-9224-DDAF386A23A3}"
EndProject
Project("{2150E333-8FDC-42A3-9474-1A3956D46DE8}") = "docs", "docs", "{A9FC9B20-A9F1-4066-8B59-83BD26D3B1C8}"
	ProjectSection(SolutionItems) = preProject
		docs\Directory.Build.props = docs\Directory.Build.props
	EndProjectSection
EndProject
Project("{9A19103F-16F7-4668-BE54-9A1E7A4F7556}") = "Diagram-Demo", "docs\Diagram-Demo\Diagram-Demo.csproj", "{5F423724-5319-4DCE-B9F2-8B2D7E1FDC17}"
EndProject
Project("{9A19103F-16F7-4668-BE54-9A1E7A4F7556}") = "CustomNodesLinks", "docs\CustomNodesLinks\CustomNodesLinks.csproj", "{3D104DB4-C7F0-42CA-9D78-AB2C8A8AE3D5}"
EndProject
Project("{9A19103F-16F7-4668-BE54-9A1E7A4F7556}") = "Layouts", "docs\Layouts\Layouts.csproj", "{78C85C89-B464-4083-8829-78BA52BB4780}"
EndProject
Project("{9A19103F-16F7-4668-BE54-9A1E7A4F7556}") = "Blazor.Diagrams.Tests", "tests\Blazor.Diagrams.Tests\Blazor.Diagrams.Tests.csproj", "{ED3B0D8F-F29A-4C66-A167-C36824A76902}"
EndProject
Project("{2150E333-8FDC-42A3-9474-1A3956D46DE8}") = "site", "site", "{F1E6F4C0-3EC7-4CFF-834A-0CF207CCFF3E}"
EndProject
Project("{9A19103F-16F7-4668-BE54-9A1E7A4F7556}") = "Site", "site\Site\Site.csproj", "{F26307EC-C188-44BD-B3E5-960318F43C0C}"
EndProject
Global
	GlobalSection(SolutionConfigurationPlatforms) = preSolution
		Debug|Any CPU = Debug|Any CPU
		Release|Any CPU = Release|Any CPU
	EndGlobalSection
	GlobalSection(ProjectConfigurationPlatforms) = postSolution
		{1A70B637-9EF8-4C25-970E-A681DEC9061C}.Debug|Any CPU.ActiveCfg = Debug|Any CPU
		{1A70B637-9EF8-4C25-970E-A681DEC9061C}.Debug|Any CPU.Build.0 = Debug|Any CPU
		{1A70B637-9EF8-4C25-970E-A681DEC9061C}.Release|Any CPU.ActiveCfg = Release|Any CPU
		{1A70B637-9EF8-4C25-970E-A681DEC9061C}.Release|Any CPU.Build.0 = Release|Any CPU
		{A43942BD-FDA0-4E3D-8115-BBE9D0D75DE3}.Debug|Any CPU.ActiveCfg = Debug|Any CPU
		{A43942BD-FDA0-4E3D-8115-BBE9D0D75DE3}.Debug|Any CPU.Build.0 = Debug|Any CPU
		{A43942BD-FDA0-4E3D-8115-BBE9D0D75DE3}.Release|Any CPU.ActiveCfg = Release|Any CPU
		{A43942BD-FDA0-4E3D-8115-BBE9D0D75DE3}.Release|Any CPU.Build.0 = Release|Any CPU
		{A1A4F8A5-7C97-41A8-9ADD-54E9D1725B56}.Debug|Any CPU.ActiveCfg = Debug|Any CPU
		{A1A4F8A5-7C97-41A8-9ADD-54E9D1725B56}.Debug|Any CPU.Build.0 = Debug|Any CPU
		{A1A4F8A5-7C97-41A8-9ADD-54E9D1725B56}.Release|Any CPU.ActiveCfg = Release|Any CPU
		{A1A4F8A5-7C97-41A8-9ADD-54E9D1725B56}.Release|Any CPU.Build.0 = Release|Any CPU
		{1CBCC8E6-111C-4364-9882-50881E4CC8B4}.Debug|Any CPU.ActiveCfg = Debug|Any CPU
		{1CBCC8E6-111C-4364-9882-50881E4CC8B4}.Debug|Any CPU.Build.0 = Debug|Any CPU
		{1CBCC8E6-111C-4364-9882-50881E4CC8B4}.Release|Any CPU.ActiveCfg = Release|Any CPU
		{1CBCC8E6-111C-4364-9882-50881E4CC8B4}.Release|Any CPU.Build.0 = Release|Any CPU
		{B9EE910B-8FE7-490C-B20C-CEC27A2890D6}.Debug|Any CPU.ActiveCfg = Debug|Any CPU
		{B9EE910B-8FE7-490C-B20C-CEC27A2890D6}.Debug|Any CPU.Build.0 = Debug|Any CPU
		{B9EE910B-8FE7-490C-B20C-CEC27A2890D6}.Release|Any CPU.ActiveCfg = Release|Any CPU
		{B9EE910B-8FE7-490C-B20C-CEC27A2890D6}.Release|Any CPU.Build.0 = Release|Any CPU
		{CB3A42B6-3C87-4ECB-B60C-D98275AB1FB6}.Debug|Any CPU.ActiveCfg = Debug|Any CPU
		{CB3A42B6-3C87-4ECB-B60C-D98275AB1FB6}.Debug|Any CPU.Build.0 = Debug|Any CPU
		{CB3A42B6-3C87-4ECB-B60C-D98275AB1FB6}.Release|Any CPU.ActiveCfg = Release|Any CPU
		{CB3A42B6-3C87-4ECB-B60C-D98275AB1FB6}.Release|Any CPU.Build.0 = Release|Any CPU
		{36B4DCCD-45AB-4338-9224-DDAF386A23A3}.Debug|Any CPU.ActiveCfg = Debug|Any CPU
		{36B4DCCD-45AB-4338-9224-DDAF386A23A3}.Debug|Any CPU.Build.0 = Debug|Any CPU
		{36B4DCCD-45AB-4338-9224-DDAF386A23A3}.Release|Any CPU.ActiveCfg = Release|Any CPU
		{36B4DCCD-45AB-4338-9224-DDAF386A23A3}.Release|Any CPU.Build.0 = Release|Any CPU
		{5F423724-5319-4DCE-B9F2-8B2D7E1FDC17}.Debug|Any CPU.ActiveCfg = Debug|Any CPU
		{5F423724-5319-4DCE-B9F2-8B2D7E1FDC17}.Debug|Any CPU.Build.0 = Debug|Any CPU
		{5F423724-5319-4DCE-B9F2-8B2D7E1FDC17}.Release|Any CPU.ActiveCfg = Release|Any CPU
		{5F423724-5319-4DCE-B9F2-8B2D7E1FDC17}.Release|Any CPU.Build.0 = Release|Any CPU
		{3D104DB4-C7F0-42CA-9D78-AB2C8A8AE3D5}.Debug|Any CPU.ActiveCfg = Debug|Any CPU
		{3D104DB4-C7F0-42CA-9D78-AB2C8A8AE3D5}.Debug|Any CPU.Build.0 = Debug|Any CPU
		{3D104DB4-C7F0-42CA-9D78-AB2C8A8AE3D5}.Release|Any CPU.ActiveCfg = Release|Any CPU
		{3D104DB4-C7F0-42CA-9D78-AB2C8A8AE3D5}.Release|Any CPU.Build.0 = Release|Any CPU
		{78C85C89-B464-4083-8829-78BA52BB4780}.Debug|Any CPU.ActiveCfg = Debug|Any CPU
		{78C85C89-B464-4083-8829-78BA52BB4780}.Debug|Any CPU.Build.0 = Debug|Any CPU
		{78C85C89-B464-4083-8829-78BA52BB4780}.Release|Any CPU.ActiveCfg = Release|Any CPU
		{78C85C89-B464-4083-8829-78BA52BB4780}.Release|Any CPU.Build.0 = Release|Any CPU
		{ED3B0D8F-F29A-4C66-A167-C36824A76902}.Debug|Any CPU.ActiveCfg = Debug|Any CPU
		{ED3B0D8F-F29A-4C66-A167-C36824A76902}.Debug|Any CPU.Build.0 = Debug|Any CPU
		{ED3B0D8F-F29A-4C66-A167-C36824A76902}.Release|Any CPU.ActiveCfg = Release|Any CPU
		{ED3B0D8F-F29A-4C66-A167-C36824A76902}.Release|Any CPU.Build.0 = Release|Any CPU
		{F26307EC-C188-44BD-B3E5-960318F43C0C}.Debug|Any CPU.ActiveCfg = Debug|Any CPU
		{F26307EC-C188-44BD-B3E5-960318F43C0C}.Debug|Any CPU.Build.0 = Debug|Any CPU
		{F26307EC-C188-44BD-B3E5-960318F43C0C}.Release|Any CPU.ActiveCfg = Release|Any CPU
		{F26307EC-C188-44BD-B3E5-960318F43C0C}.Release|Any CPU.Build.0 = Release|Any CPU
	EndGlobalSection
	GlobalSection(SolutionProperties) = preSolution
		HideSolutionNode = FALSE
	EndGlobalSection
	GlobalSection(NestedProjects) = preSolution
		{1A70B637-9EF8-4C25-970E-A681DEC9061C} = {EE32E278-A887-454E-987D-FFE9E37169FE}
		{A43942BD-FDA0-4E3D-8115-BBE9D0D75DE3} = {DA819127-3EF6-4EB9-A2DA-BC056B284A50}
		{A1A4F8A5-7C97-41A8-9ADD-54E9D1725B56} = {EE32E278-A887-454E-987D-FFE9E37169FE}
		{1CBCC8E6-111C-4364-9882-50881E4CC8B4} = {DA819127-3EF6-4EB9-A2DA-BC056B284A50}
		{B9EE910B-8FE7-490C-B20C-CEC27A2890D6} = {DA819127-3EF6-4EB9-A2DA-BC056B284A50}
		{CB3A42B6-3C87-4ECB-B60C-D98275AB1FB6} = {EE32E278-A887-454E-987D-FFE9E37169FE}
		{36B4DCCD-45AB-4338-9224-DDAF386A23A3} = {CEEAE4C2-CE68-4FC3-9E0F-D4781B91F7F4}
		{5F423724-5319-4DCE-B9F2-8B2D7E1FDC17} = {A9FC9B20-A9F1-4066-8B59-83BD26D3B1C8}
		{3D104DB4-C7F0-42CA-9D78-AB2C8A8AE3D5} = {A9FC9B20-A9F1-4066-8B59-83BD26D3B1C8}
		{78C85C89-B464-4083-8829-78BA52BB4780} = {A9FC9B20-A9F1-4066-8B59-83BD26D3B1C8}
		{ED3B0D8F-F29A-4C66-A167-C36824A76902} = {CEEAE4C2-CE68-4FC3-9E0F-D4781B91F7F4}
		{F26307EC-C188-44BD-B3E5-960318F43C0C} = {F1E6F4C0-3EC7-4CFF-834A-0CF207CCFF3E}
	EndGlobalSection
	GlobalSection(ExtensibilityGlobals) = postSolution
		SolutionGuid = {969540A2-8162-4063-A4E3-B488F69BD582}
	EndGlobalSection
EndGlobal
